
Microsoft Visual Studio Solution File, Format Version 12.00
# Visual Studio 15
VisualStudioVersion = 15.0.28307.1267
MinimumVisualStudioVersion = 10.0.40219.1
Project("{FAE04EC0-301F-11D3-BF4B-00C04F79EFBC}") = "Baidu_Trans", "Baidu_Trans\Baidu_Trans.csproj", "{67D80D78-85FA-4B5E-AA29-EC2CA0237AA5}"
EndProject
Global
	GlobalSection(SolutionConfigurationPlatforms) = preSolution
		Debug|Any CPU = Debug|Any CPU
		Release|Any CPU = Release|Any CPU
	EndGlobalSection
	GlobalSection(ProjectConfigurationPlatforms) = postSolution
		{67D80D78-85FA-4B5E-AA29-EC2CA0237AA5}.Debug|Any CPU.ActiveCfg = Debug|Any CPU
		{67D80D78-85FA-4B5E-AA29-EC2CA0237AA5}.Debug|Any CPU.Build.0 = Debug|Any CPU
		{67D80D78-85FA-4B5E-AA29-EC2CA0237AA5}.Release|Any CPU.ActiveCfg = Release|Any CPU
		{67D80D78-85FA-4B5E-AA29-EC2CA0237AA5}.Release|Any CPU.Build.0 = Release|Any CPU
	EndGlobalSection
	GlobalSection(SolutionProperties) = preSolution
		HideSolutionNode = FALSE
	EndGlobalSection
	GlobalSection(ExtensibilityGlobals) = postSolution
		SolutionGuid = {FA8C0104-8C0E-4AE9-B488-D92111B58244}
	EndGlobalSection
EndGlobal
